// !$*UTF8*$!
{
	archiveVersion = 1;
	classes = {
	};
	objectVersion = 50;
	objects = {

/* Begin PBXBuildFile section */
		1D0AA84E21900C82009FB9B8 /* Default-568h@2x.png in Resources */ = {isa = PBXBuildFile; fileRef = 1D0AA84D21900C82009FB9B8 /* Default-568h@2x.png */; };
		1D5BC739218C3123002BFDC7 /* ZZQAuthorizationManager.m in Sources */ = {isa = PBXBuildFile; fileRef = 1D5BC733218C3123002BFDC7 /* ZZQAuthorizationManager.m */; };
		1D5BC73A218C3123002BFDC7 /* ZZQAvatarPicker.m in Sources */ = {isa = PBXBuildFile; fileRef = 1D5BC734218C3123002BFDC7 /* ZZQAvatarPicker.m */; };
		1D5BC73B218C3123002BFDC7 /* ZZQResourceSheetView.m in Sources */ = {isa = PBXBuildFile; fileRef = 1D5BC735218C3123002BFDC7 /* ZZQResourceSheetView.m */; };
		1DFD835C2189CE900033DE2A /* AppDelegate.m in Sources */ = {isa = PBXBuildFile; fileRef = 1DFD835B2189CE900033DE2A /* AppDelegate.m */; };
		1DFD835F2189CE900033DE2A /* ViewController.m in Sources */ = {isa = PBXBuildFile; fileRef = 1DFD835E2189CE900033DE2A /* ViewController.m */; };
		1DFD83622189CE900033DE2A /* Main.storyboard in Resources */ = {isa = PBXBuildFile; fileRef = 1DFD83602189CE900033DE2A /* Main.storyboard */; };
		1DFD83642189CE910033DE2A /* Assets.xcassets in Resources */ = {isa = PBXBuildFile; fileRef = 1DFD83632189CE910033DE2A /* Assets.xcassets */; };
		1DFD83672189CE910033DE2A /* LaunchScreen.storyboard in Resources */ = {isa = PBXBuildFile; fileRef = 1DFD83652189CE910033DE2A /* LaunchScreen.storyboard */; };
		1DFD836A2189CE910033DE2A /* main.m in Sources */ = {isa = PBXBuildFile; fileRef = 1DFD83692189CE910033DE2A /* main.m */; };
/* End PBXBuildFile section */

/* Begin PBXFileReference section */
		1D0AA84D21900C82009FB9B8 /* Default-568h@2x.png */ = {isa = PBXFileReference; lastKnownFileType = image.png; path = "Default-568h@2x.png"; sourceTree = "<group>"; };
		1D5BC733218C3123002BFDC7 /* ZZQAuthorizationManager.m */ = {isa = PBXFileReference; fileEncoding = 4; lastKnownFileType = sourcecode.c.objc; path = ZZQAuthorizationManager.m; sourceTree = "<group>"; };
		1D5BC734218C3123002BFDC7 /* ZZQAvatarPicker.m */ = {isa = PBXFileReference; fileEncoding = 4; lastKnownFileType = sourcecode.c.objc; path = ZZQAvatarPicker.m; sourceTree = "<group>"; };
		1D5BC735218C3123002BFDC7 /* ZZQResourceSheetView.m */ = {isa = PBXFileReference; fileEncoding = 4; lastKnownFileType = sourcecode.c.objc; path = ZZQResourceSheetView.m; sourceTree = "<group>"; };
		1D5BC736218C3123002BFDC7 /* ZZQAuthorizationManager.h */ = {isa = PBXFileReference; fileEncoding = 4; lastKnownFileType = sourcecode.c.h; path = ZZQAuthorizationManager.h; sourceTree = "<group>"; };
		1D5BC737218C3123002BFDC7 /* ZZQResourceSheetView.h */ = {isa = PBXFileReference; fileEncoding = 4; lastKnownFileType = sourcecode.c.h; path = ZZQResourceSheetView.h; sourceTree = "<group>"; };
		1D5BC738218C3123002BFDC7 /* ZZQAvatarPicker.h */ = {isa = PBXFileReference; fileEncoding = 4; lastKnownFileType = sourcecode.c.h; path = ZZQAvatarPicker.h; sourceTree = "<group>"; };
		1DFD83572189CE900033DE2A /* ZZQAvatarPicker.app */ = {isa = PBXFileReference; explicitFileType = wrapper.application; includeInIndex = 0; path = ZZQAvatarPicker.app; sourceTree = BUILT_PRODUCTS_DIR; };
		1DFD835A2189CE900033DE2A /* AppDelegate.h */ = {isa = PBXFileReference; lastKnownFileType = sourcecode.c.h; path = AppDelegate.h; sourceTree = "<group>"; };
		1DFD835B2189CE900033DE2A /* AppDelegate.m */ = {isa = PBXFileReference; lastKnownFileType = sourcecode.c.objc; path = AppDelegate.m; sourceTree = "<group>"; };
		1DFD835D2189CE900033DE2A /* ViewController.h */ = {isa = PBXFileReference; lastKnownFileType = sourcecode.c.h; path = ViewController.h; sourceTree = "<group>"; };
		1DFD835E2189CE900033DE2A /* ViewController.m */ = {isa = PBXFileReference; lastKnownFileType = sourcecode.c.objc; path = ViewController.m; sourceTree = "<group>"; };
		1DFD83612189CE900033DE2A /* Base */ = {isa = PBXFileReference; lastKnownFileType = file.storyboard; name = Base; path = Base.lproj/Main.storyboard; sourceTree = "<group>"; };
		1DFD83632189CE910033DE2A /* Assets.xcassets */ = {isa = PBXFileReference; lastKnownFileType = folder.assetcatalog; path = Assets.xcassets; sourceTree = "<group>"; };
		1DFD83662189CE910033DE2A /* Base */ = {isa = PBXFileReference; lastKnownFileType = file.storyboard; name = Base; path = Base.lproj/LaunchScreen.storyboard; sourceTree = "<group>"; };
		1DFD83682189CE910033DE2A /* Info.plist */ = {isa = PBXFileReference; lastKnownFileType = text.plist.xml; path = Info.plist; sourceTree = "<group>"; };
		1DFD83692189CE910033DE2A /* main.m */ = {isa = PBXFileReference; lastKnownFileType = sourcecode.c.objc; path = main.m; sourceTree = "<group>"; };
/* End PBXFileReference section */

/* Begin PBXFrameworksBuildPhase section */
		1DFD83542189CE900033DE2A /* Frameworks */ = {
			isa = PBXFrameworksBuildPhase;
			buildActionMask = 2147483647;
			files = (
			);
			runOnlyForDeploymentPostprocessing = 0;
		};
/* End PBXFrameworksBuildPhase section */

/* Begin PBXGroup section */
		1D5BC732218C3123002BFDC7 /* ZZQAvatarPicker */ = {
			isa = PBXGroup;
			children = (
				1D5BC738218C3123002BFDC7 /* ZZQAvatarPicker.h */,
				1D5BC734218C3123002BFDC7 /* ZZQAvatarPicker.m */,
				1D5BC737218C3123002BFDC7 /* ZZQResourceSheetView.h */,
				1D5BC735218C3123002BFDC7 /* ZZQResourceSheetView.m */,
				1D5BC736218C3123002BFDC7 /* ZZQAuthorizationManager.h */,
				1D5BC733218C3123002BFDC7 /* ZZQAuthorizationManager.m */,
			);
			path = ZZQAvatarPicker;
			sourceTree = SOURCE_ROOT;
		};
		1DFD834E2189CE900033DE2A = {
			isa = PBXGroup;
			children = (
				1D0AA84D21900C82009FB9B8 /* Default-568h@2x.png */,
				1DFD83592189CE900033DE2A /* ZZQAvatarPickerDemo */,
				1DFD83582189CE900033DE2A /* Products */,
			);
			sourceTree = "<group>";
		};
		1DFD83582189CE900033DE2A /* Products */ = {
			isa = PBXGroup;
			children = (
				1DFD83572189CE900033DE2A /* ZZQAvatarPicker.app */,
			);
			name = Products;
			sourceTree = "<group>";
		};
		1DFD83592189CE900033DE2A /* ZZQAvatarPickerDemo */ = {
			isa = PBXGroup;
			children = (
				1D5BC732218C3123002BFDC7 /* ZZQAvatarPicker */,
				1DFD835A2189CE900033DE2A /* AppDelegate.h */,
				1DFD835B2189CE900033DE2A /* AppDelegate.m */,
				1DFD835D2189CE900033DE2A /* ViewController.h */,
				1DFD835E2189CE900033DE2A /* ViewController.m */,
				1DFD83602189CE900033DE2A /* Main.storyboard */,
				1DFD83632189CE910033DE2A /* Assets.xcassets */,
				1DFD83652189CE910033DE2A /* LaunchScreen.storyboard */,
				1DFD83682189CE910033DE2A /* Info.plist */,
				1DFD83692189CE910033DE2A /* main.m */,
			);
			path = ZZQAvatarPickerDemo;
			sourceTree = "<group>";
		};
/* End PBXGroup section */

/* Begin PBXNativeTarget section */
		1DFD83562189CE900033DE2A /* ZZQAvatarPicker */ = {
			isa = PBXNativeTarget;
			buildConfigurationList = 1DFD836D2189CE910033DE2A /* Build configuration list for PBXNativeTarget "ZZQAvatarPicker" */;
			buildPhases = (
				1DFD83532189CE900033DE2A /* Sources */,
				1DFD83542189CE900033DE2A /* Frameworks */,
				1DFD83552189CE900033DE2A /* Resources */,
			);
			buildRules = (
			);
			dependencies = (
			);
			name = ZZQAvatarPicker;
			productName = ZZQAvatarPicker;
			productReference = 1DFD83572189CE900033DE2A /* ZZQAvatarPicker.app */;
			productType = "com.apple.product-type.application";
		};
/* End PBXNativeTarget section */

/* Begin PBXProject section */
		1DFD834F2189CE900033DE2A /* Project object */ = {
			isa = PBXProject;
			attributes = {
				LastUpgradeCheck = 1000;
				ORGANIZATIONNAME = "郑志强";
				TargetAttributes = {
					1DFD83562189CE900033DE2A = {
						CreatedOnToolsVersion = 10.0;
					};
				};
			};
			buildConfigurationList = 1DFD83522189CE900033DE2A /* Build configuration list for PBXProject "ZZQAvatarPickerDemo" */;
			compatibilityVersion = "Xcode 9.3";
			developmentRegion = en;
			hasScannedForEncodings = 0;
			knownRegions = (
				en,
				Base,
			);
			mainGroup = 1DFD834E2189CE900033DE2A;
			productRefGroup = 1DFD83582189CE900033DE2A /* Products */;
			projectDirPath = "";
			projectRoot = "";
			targets = (
				1DFD83562189CE900033DE2A /* ZZQAvatarPicker */,
			);
		};
/* End PBXProject section */

/* Begin PBXResourcesBuildPhase section */
		1DFD83552189CE900033DE2A /* Resources */ = {
			isa = PBXResourcesBuildPhase;
			buildActionMask = 2147483647;
			files = (
				1DFD83672189CE910033DE2A /* LaunchScreen.storyboard in Resources */,
				1D0AA84E21900C82009FB9B8 /* Default-568h@2x.png in Resources */,
				1DFD83642189CE910033DE2A /* Assets.xcassets in Resources */,
				1DFD83622189CE900033DE2A /* Main.storyboard in Resources */,
			);
			runOnlyForDeploymentPostprocessing = 0;
		};
/* End PBXResourcesBuildPhase section */

/* Begin PBXSourcesBuildPhase section */
		1DFD83532189CE900033DE2A /* Sources */ = {
			isa = PBXSourcesBuildPhase;
			buildActionMask = 2147483647;
			files = (
				1D5BC73B218C3123002BFDC7 /* ZZQResourceSheetView.m in Sources */,
				1DFD835F2189CE900033DE2A /* ViewController.m in Sources */,
				1D5BC739218C3123002BFDC7 /* ZZQAuthorizationManager.m in Sources */,
				1DFD836A2189CE910033DE2A /* main.m in Sources */,
				1DFD835C2189CE900033DE2A /* AppDelegate.m in Sources */,
				1D5BC73A218C3123002BFDC7 /* ZZQAvatarPicker.m in Sources */,
			);
			runOnlyForDeploymentPostprocessing = 0;
		};
/* End PBXSourcesBuildPhase section */

/* Begin PBXVariantGroup section */
		1DFD83602189CE900033DE2A /* Main.storyboard */ = {
			isa = PBXVariantGroup;
			children = (
				1DFD83612189CE900033DE2A /* Base */,
			);
			name = Main.storyboard;
			sourceTree = "<group>";
		};
		1DFD83652189CE910033DE2A /* LaunchScreen.storyboard */ = {
			isa = PBXVariantGroup;
			children = (
				1DFD83662189CE910033DE2A /* Base */,
			);
			name = LaunchScreen.storyboard;
			sourceTree = "<group>";
		};
/* End PBXVariantGroup section */

/* Begin XCBuildConfiguration section */
		1DFD836B2189CE910033DE2A /* Debug */ = {
			isa = XCBuildConfiguration;
			buildSettings = {
				ALWAYS_SEARCH_USER_PATHS = NO;
				CLANG_ANALYZER_LOCALIZABILITY_NONLOCALIZED = YES;
				CLANG_ANALYZER_NONNULL = YES;
				CLANG_ANALYZER_NUMBER_OBJECT_CONVERSION = YES_AGGRESSIVE;
				CLANG_CXX_LANGUAGE_STANDARD = "gnu++14";
				CLANG_CXX_LIBRARY = "libc++";
				CLANG_ENABLE_MODULES = YES;
				CLANG_ENABLE_OBJC_ARC = YES;
				CLANG_ENABLE_OBJC_WEAK = YES;
				CLANG_WARN_BLOCK_CAPTURE_AUTORELEASING = YES;
				CLANG_WARN_BOOL_CONVERSION = YES;
				CLANG_WARN_COMMA = YES;
				CLANG_WARN_CONSTANT_CONVERSION = YES;
				CLANG_WARN_DEPRECATED_OBJC_IMPLEMENTATIONS = YES;
				CLANG_WARN_DIRECT_OBJC_ISA_USAGE = YES_ERROR;
				CLANG_WARN_DOCUMENTATION_COMMENTS = YES;
				CLANG_WARN_EMPTY_BODY = YES;
				CLANG_WARN_ENUM_CONVERSION = YES;
				CLANG_WARN_INFINITE_RECURSION = YES;
				CLANG_WARN_INT_CONVERSION = YES;
				CLANG_WARN_NON_LITERAL_NULL_CONVERSION = YES;
				CLANG_WARN_OBJC_IMPLICIT_RETAIN_SELF = YES;
				CLANG_WARN_OBJC_LITERAL_CONVERSION = YES;
				CLANG_WARN_OBJC_ROOT_CLASS = YES_ERROR;
				CLANG_WARN_RANGE_LOOP_ANALYSIS = YES;
				CLANG_WARN_STRICT_PROTOTYPES = YES;
				CLANG_WARN_SUSPICIOUS_MOVE = YES;
				CLANG_WARN_UNGUARDED_AVAILABILITY = YES_AGGRESSIVE;
				CLANG_WARN_UNREACHABLE_CODE = YES;
				CLANG_WARN__DUPLICATE_METHOD_MATCH = YES;
				CODE_SIGN_IDENTITY = "iPhone Developer";
				COPY_PHASE_STRIP = NO;
				DEBUG_INFORMATION_FORMAT = dwarf;
				ENABLE_STRICT_OBJC_MSGSEND = YES;
				ENABLE_TESTABILITY = YES;
				GCC_C_LANGUAGE_STANDARD = gnu11;
				GCC_DYNAMIC_NO_PIC = NO;
				GCC_NO_COMMON_BLOCKS = YES;
				GCC_OPTIMIZATION_LEVEL = 0;
				GCC_PREPROCESSOR_DEFINITIONS = (
					"DEBUG=1",
					"$(inherited)",
				);
				GCC_WARN_64_TO_32_BIT_CONVERSION = YES;
				GCC_WARN_ABOUT_RETURN_TYPE = YES_ERROR;
				GCC_WARN_UNDECLARED_SELECTOR = YES;
				GCC_WARN_UNINITIALIZED_AUTOS = YES_AGGRESSIVE;
				GCC_WARN_UNUSED_FUNCTION = YES;
				GCC_WARN_UNUSED_VARIABLE = YES;
				IPHONEOS_DEPLOYMENT_TARGET = 9.0;
				MTL_ENABLE_DEBUG_INFO = INCLUDE_SOURCE;
				MTL_FAST_MATH = YES;
				ONLY_ACTIVE_ARCH = YES;
				SDKROOT = iphoneos;
			};
			name = Debug;
		};
		1DFD836C2189CE910033DE2A /* Release */ = {
			isa = XCBuildConfiguration;
			buildSettings = {
				ALWAYS_SEARCH_USER_PATHS = NO;
				CLANG_ANALYZER_LOCALIZABILITY_NONLOCALIZED = YES;
				CLANG_ANALYZER_NONNULL = YES;
				CLANG_ANALYZER_NUMBER_OBJECT_CONVERSION = YES_AGGRESSIVE;
				CLANG_CXX_LANGUAGE_STANDARD = "gnu++14";
				CLANG_CXX_LIBRARY = "libc++";
				CLANG_ENABLE_MODULES = YES;
				CLANG_ENABLE_OBJC_ARC = YES;
				CLANG_ENABLE_OBJC_WEAK = YES;
				CLANG_WARN_BLOCK_CAPTURE_AUTORELEASING = YES;
				CLANG_WARN_BOOL_CONVERSION = YES;
				CLANG_WARN_COMMA = YES;
				CLANG_WARN_CONSTANT_CONVERSION = YES;
				CLANG_WARN_DEPRECATED_OBJC_IMPLEMENTATIONS = YES;
				CLANG_WARN_DIRECT_OBJC_ISA_USAGE = YES_ERROR;
				CLANG_WARN_DOCUMENTATION_COMMENTS = YES;
				CLANG_WARN_EMPTY_BODY = YES;
				CLANG_WARN_ENUM_CONVERSION = YES;
				CLANG_WARN_INFINITE_RECURSION = YES;
				CLANG_WARN_INT_CONVERSION = YES;
				CLANG_WARN_NON_LITERAL_NULL_CONVERSION = YES;
				CLANG_WARN_OBJC_IMPLICIT_RETAIN_SELF = YES;
				CLANG_WARN_OBJC_LITERAL_CONVERSION = YES;
				CLANG_WARN_OBJC_ROOT_CLASS = YES_ERROR;
				CLANG_WARN_RANGE_LOOP_ANALYSIS = YES;
				CLANG_WARN_STRICT_PROTOTYPES = YES;
				CLANG_WARN_SUSPICIOUS_MOVE = YES;
				CLANG_WARN_UNGUARDED_AVAILABILITY = YES_AGGRESSIVE;
				CLANG_WARN_UNREACHABLE_CODE = YES;
				CLANG_WARN__DUPLICATE_METHOD_MATCH = YES;
				CODE_SIGN_IDENTITY = "iPhone Developer";
				COPY_PHASE_STRIP = NO;
				DEBUG_INFORMATION_FORMAT = "dwarf-with-dsym";
				ENABLE_NS_ASSERTIONS = NO;
				ENABLE_STRICT_OBJC_MSGSEND = YES;
				GCC_C_LANGUAGE_STANDARD = gnu11;
				GCC_NO_COMMON_BLOCKS = YES;
				GCC_WARN_64_TO_32_BIT_CONVERSION = YES;
				GCC_WARN_ABOUT_RETURN_TYPE = YES_ERROR;
				GCC_WARN_UNDECLARED_SELECTOR = YES;
				GCC_WARN_UNINITIALIZED_AUTOS = YES_AGGRESSIVE;
				GCC_WARN_UNUSED_FUNCTION = YES;
				GCC_WARN_UNUSED_VARIABLE = YES;
				IPHONEOS_DEPLOYMENT_TARGET = 9.0;
				MTL_ENABLE_DEBUG_INFO = NO;
				MTL_FAST_MATH = YES;
				SDKROOT = iphoneos;
				VALIDATE_PRODUCT = YES;
			};
			name = Release;
		};
		1DFD836E2189CE910033DE2A /* Debug */ = {
			isa = XCBuildConfiguration;
			buildSettings = {
				ASSETCATALOG_COMPILER_APPICON_NAME = AppIcon;
				CODE_SIGN_STYLE = Automatic;
				DEVELOPMENT_TEAM = KJN5GDHP84;
				INFOPLIST_FILE = ZZQAvatarPickerDemo/Info.plist;
				IPHONEOS_DEPLOYMENT_TARGET = 9.0;
				LD_RUNPATH_SEARCH_PATHS = (
					"$(inherited)",
					"@executable_path/Frameworks",
				);
				MARKETING_VERSION = 0.3.2;
				PRODUCT_BUNDLE_IDENTIFIER = com.yq.avatarPicker;
				PRODUCT_NAME = "$(TARGET_NAME)";
				TARGETED_DEVICE_FAMILY = "1,2";
			};
			name = Debug;
		};
		1DFD836F2189CE910033DE2A /* Release */ = {
			isa = XCBuildConfiguration;
			buildSettings = {
				ASSETCATALOG_COMPILER_APPICON_NAME = AppIcon;
				CODE_SIGN_STYLE = Automatic;
				DEVELOPMENT_TEAM = KJN5GDHP84;
				INFOPLIST_FILE = ZZQAvatarPicker/Info.plist;
				IPHONEOS_DEPLOYMENT_TARGET = 9.0;
				LD_RUNPATH_SEARCH_PATHS = (
					"$(inherited)",
					"@executable_path/Frameworks",
				);
				MARKETING_VERSION = 0.3.2;
				PRODUCT_BUNDLE_IDENTIFIER = com.yq.avatarPicker;
				PRODUCT_NAME = "$(TARGET_NAME)";
				TARGETED_DEVICE_FAMILY = "1,2";
			};
			name = Release;
		};
/* End XCBuildConfiguration section */

/* Begin XCConfigurationList section */
		1DFD83522189CE900033DE2A /* Build configuration list for PBXProject "ZZQAvatarPickerDemo" */ = {
			isa = XCConfigurationList;
			buildConfigurations = (
				1DFD836B2189CE910033DE2A /* Debug */,
				1DFD836C2189CE910033DE2A /* Release */,
			);
			defaultConfigurationIsVisible = 0;
			defaultConfigurationName = Release;
		};
		1DFD836D2189CE910033DE2A /* Build configuration list for PBXNativeTarget "ZZQAvatarPicker" */ = {
			isa = XCConfigurationList;
			buildConfigurations = (
				1DFD836E2189CE910033DE2A /* Debug */,
				1DFD836F2189CE910033DE2A /* Release */,
			);
			defaultConfigurationIsVisible = 0;
			defaultConfigurationName = Release;
		};
/* End XCConfigurationList section */
	};
	rootObject = 1DFD834F2189CE900033DE2A /* Project object */;
}
